version = 1
revision = 3
requires-python = ">=3.10"

[[package]]
name = "feedparser"
version = "6.0.13"
source = { registry = "https://pypi.org/simple" }
dependencies = [
    { name = "feedparser-sgmllib" },
]
sdist = { url = "https://files.pythonhosted.org/packages/ba/4d/5b2ec743bf789655efda6a75a482522568f65594579864e406425b78870f/feedparser-6.0.13.tar.gz", hash = "sha256:ceba9cd98a0a4bfc17e24e8ea47e649f194fbf881d417fd5bd0af2927a03c5c9", size = 286155, upload-time = "2026-07-28T12:42:20.402Z" }
wheels = [
    { url = "https://files.pythonhosted.org/packages/df/6b/402c049864f7e1181e603b37b36690409ce5fd014417bf234724dbb95c87/feedparser-6.0.13-py3-none-any.whl", hash = "sha256:ff00fcd62a1bba943ad6dadb7e3139bc3e2d9e027859343283112d605e794e52", size = 80666, upload-time = "2026-07-28T12:42:19.169Z" },
]

[[package]]
name = "feedparser-sgmllib"
version = "1.0.0"
source = { registry = "https://pypi.org/simple" }
sdist = { url = "https://files.pythonhosted.org/packages/c8/1b/dd83b36c2c260307fa0322be855a20a8ef8a52e54ee8c215773ba1a19186/feedparser_sgmllib-1.0.0.tar.gz", hash = "sha256:f73861ca2f6bb2798b2499fbab62d34bd27fd13379704a38ed616c67eb0a76a6", size = 9431, upload-time = "2026-07-27T12:40:47.649Z" }
wheels = [
    { url = "https://files.pythonhosted.org/packages/91/57/a2a8e39270d8742b21e5a030b809573e35ab57400487f98bfcb6cca766ad/feedparser_sgmllib-1.0.0-py3-none-any.whl", hash = "sha256:d0d5daf29b3f315396d4d5a65b5fe28862d1bc4ea37dec826ccbf1021034a959", size = 10012, upload-time = "2026-07-27T12:40:46.451Z" },
]

[[package]]
name = "python-dotenv"
version = "1.2.2"
source = { registry = "https://pypi.org/simple" }
sdist = { url = "https://files.pythonhosted.org/packages/82/ed/0301aeeac3e5353ef3d94b6ec08bbcabd04a72018415dcb29e588514bba8/python_dotenv-1.2.2.tar.gz", hash = "sha256:2c371a91fbd7ba082c2c1dc1f8bf89ca22564a087c2c287cd9b662adde799cf3", size = 50135, upload-time = "2026-03-01T16:00:26.196Z" }
wheels = [
    { url = "https://files.pythonhosted.org/packages/0b/d7/1959b9648791274998a9c3526f6d0ec8fd2233e4d4acce81bbae76b44b2a/python_dotenv-1.2.2-py3-none-any.whl", hash = "sha256:1d8214789a24de455a8b8bd8ae6fe3c6b69a5e3d64aa8a8e5d68e694bbcb285a", size = 22101, upload-time = "2026-03-01T16:00:25.09Z" },
]

[[package]]
name = "stargazer-radar"
version = "0.1.0"
source = { virtual = "." }
dependencies = [
    { name = "feedparser" },
    { name = "python-dotenv" },
]

[package.metadata]
requires-dist = [
    { name = "feedparser", specifier = ">=6.0" },
    { name = "python-dotenv", specifier = ">=1.2.2" },
]
